name: /home/evan-williams/deeph-m9/env/deeph-v022
channels:
  - conda-forge
  - rusty1s
  - defaults
dependencies:
  - _openmp_mutex=4.5=7_kmp_llvm
  - absl-py=2.3.1=pyhd8ed1ab_0
  - blas=2.121=mkl
  - blas-devel=3.9.0=21_linux64_mkl
  - brotli=1.2.0=hed03a55_1
  - brotli-bin=1.2.0=hb03c661_1
  - brotli-python=1.0.9=py39h5a03fae_8
  - bzip2=1.0.8=hda65f42_10
  - c-ares=1.34.8=h280c20c_1
  - ca-certificates=2026.7.22=hbd8a1cb_0
  - cached-property=1.5.2=hd8ed1ab_2
  - cached_property=1.5.2=pyha770c72_2
  - certifi=2025.8.3=pyhd8ed1ab_0
  - cffi=1.17.1=py39h15c3d72_0
  - charset-normalizer=3.4.3=pyhd8ed1ab_0
  - colorama=0.4.6=pyhd8ed1ab_1
  - contourpy=1.3.0=py39h74842e3_2
  - cpython=3.9.23=py39hd8ed1ab_0
  - cudatoolkit=11.1.1=hb139c0e_13
  - cycler=0.12.1=pyhd8ed1ab_1
  - dill=0.4.0=pyhd8ed1ab_0
  - emmet-core=0.57.1=pyhd8ed1ab_0
  - fonttools=4.59.1=py39heb7d2ae_0
  - freetype=2.14.3=ha770c72_1
  - future=1.0.0=pyhd8ed1ab_2
  - gmp=6.3.0=hac33072_2
  - gmpy2=2.2.1=py39h7196dd7_0
  - googledrivedownloader=1.1.0=pyhd8ed1ab_0
  - grpcio=1.74.1=py39h6482d51_0
  - h2=4.2.0=pyhd8ed1ab_0
  - h5py=3.14.0=nompi_py39h63168ba_100
  - hdf5=1.14.6=nompi_h19486de_110
  - hpack=4.1.0=pyhd8ed1ab_0
  - hyperframe=6.1.0=pyhd8ed1ab_0
  - icu=78.3=h54a6638_2
  - idna=3.11=pyhf9edf01_1
  - importlib-metadata=8.7.0=pyhe01879c_1
  - importlib-resources=6.5.2=pyhd8ed1ab_0
  - importlib_resources=6.5.2=pyhd8ed1ab_0
  - isodate=0.7.2=pyhd8ed1ab_1
  - jinja2=3.1.6=pyhd8ed1ab_0
  - joblib=1.5.1=pyhd8ed1ab_0
  - keyutils=1.6.3=hb9d3cd8_0
  - kiwisolver=1.4.7=py39h74842e3_0
  - krb5=1.22.2=hbde042b_1
  - latexcodec=2.0.1=pyh9f0ad1d_0
  - lcms2=2.19.1=h0c24ade_1
  - ld_impl_linux-64=2.46.1=default_hbd61a6d_102
  - lerc=4.2.0=hdb68285_0
  - libabseil=20250512.1=cxx17_hba17884_0
  - libaec=1.1.5=h088129d_0
  - libblas=3.9.0=21_linux64_mkl
  - libbrotlicommon=1.2.0=hb03c661_1
  - libbrotlidec=1.2.0=hb03c661_1
  - libbrotlienc=1.2.0=hb03c661_1
  - libcblas=3.9.0=21_linux64_mkl
  - libcurl=8.21.0=heca4667_4
  - libdeflate=1.25=hd45a770_1
  - libedit=3.1.20250104=pl5321h7949ede_0
  - libev=4.33=h280c20c_3
  - libexpat=2.8.1=hecca717_1
  - libffi=3.7.0=h3435931_0
  - libfreetype=2.14.3=ha770c72_1
  - libfreetype6=2.14.3=h73754d4_1
  - libgcc=16.1.0=ha9f2e26_1
  - libgcc-ng=16.1.0=h69a702a_1
  - libgfortran=16.1.0=h69a702a_1
  - libgfortran-ng=16.1.0=h69a702a_1
  - libgfortran5=16.1.0=h79bb938_1
  - libgomp=16.1.0=he0feb66_1
  - libgrpc=1.74.1=hebd82d6_0
  - libhwloc=2.13.0=default_he001693_1000
  - libiconv=1.18=h3b78370_2
  - libjpeg-turbo=3.2.0=hb03c661_1
  - liblapack=3.9.0=21_linux64_mkl
  - liblapacke=3.9.0=21_linux64_mkl
  - liblzma=5.8.3=hb03c661_1
  - libnghttp2=1.68.1=h877daf1_0
  - libnsl=2.0.1=hb9d3cd8_1
  - libopenblas=0.3.25=pthreads_h413a1c8_0
  - libpng=1.6.58=h421ea60_0
  - libprotobuf=6.31.1=hfb7daa7_5
  - libpsl=0.23.1=hf670292_0
  - libre2-11=2025.11.05=h7b12aa8_0
  - libsqlite=3.53.4=hf4e2dac_0
  - libssh2=1.11.1=hcf80075_0
  - libstdcxx=16.1.0=h934c35e_1
  - libstdcxx-ng=16.1.0=hdf11a46_1
  - libtiff=4.7.2=h9d88235_0
  - libuuid=2.42.2=h5347b49_0
  - libwebp-base=1.6.0=hd42ef1d_1
  - libxcb=1.17.0=h8a09558_0
  - libxcrypt=4.4.38=h280c20c_0
  - libxml2=2.15.3=h49c6c72_0
  - libxml2-16=2.15.3=hca6bf5a_0
  - libzlib=1.3.2=h25fd6f3_3
  - llvm-openmp=22.1.8=h4922eb0_0
  - markdown=3.8.2=pyhd8ed1ab_0
  - markupsafe=3.0.2=py39h9399b63_1
  - matplotlib-base=3.9.4=py39h16632d1_0
  - mkl=2024.0.0=ha957f24_49657
  - mkl-devel=2024.0.0=ha770c72_49657
  - mkl-include=2024.0.0=ha957f24_49657
  - monty=2024.12.10=pyhd8ed1ab_0
  - mp-api=0.29.8=pyhd8ed1ab_0
  - mpc=1.4.0=he0a73b1_0
  - mpfr=4.2.2=he0a73b1_0
  - mpmath=1.3.0=pyhd8ed1ab_1
  - msgpack-python=1.1.1=py39h74842e3_0
  - multiprocess=0.70.18=py39h8cd3c5a_0
  - munkres=1.1.4=pyhd8ed1ab_1
  - narwhals=2.1.2=pyhe01879c_0
  - ncurses=6.6=hdb14827_1
  - networkx=3.2.1=pyhd8ed1ab_0
  - numpy=1.23.5=py39h3d75532_0
  - openjpeg=2.5.4=h55fea9a_0
  - openssl=3.6.3=h35e630c_1
  - packaging=26.3=pyhc364b38_0
  - palettable=3.3.3=pyhd8ed1ab_1
  - pandas=2.2.3=py39h3b40f6f_1
  - pathos=0.3.4=pyhd8ed1ab_0
  - pillow=11.3.0=py39h15c0740_0
  - pip=25.2=pyh8b19718_0
  - plotly=6.3.0=pyhd8ed1ab_0
  - pox=0.3.6=pyhd8ed1ab_0
  - ppft=1.7.7=pyhd8ed1ab_0
  - protobuf=6.31.1=py39h2f5525a_0
  - psutil=7.0.0=py39h8cd3c5a_0
  - pthread-stubs=0.4=hb03c661_1003
  - pybtex=0.25.1=pyhd8ed1ab_0
  - pycparser=2.22=pyh29332c3_1
  - pydantic=1.10.13=py39hd1e30aa_1
  - pymatgen=2023.5.10=py39hf86192f_0
  - pyparsing=3.2.3=pyhe01879c_2
  - pysocks=1.7.1=pyha55dd90_7
  - python=3.9.23=hc30ae73_0_cpython
  - python-dateutil=2.9.0.post0=pyhe01879c_2
  - python-louvain=0.16=pyhd8ed1ab_1
  - python-tzdata=2025.2=pyhd8ed1ab_0
  - python_abi=3.9=8_cp39
  - pytorch=1.9.1=py3.9_cuda11.1_cudnn8.0.5_0
  - pytorch-cluster=1.5.9=py39_torch_1.9.0_cu111
  - pytorch-geometric=1.7.2=py39_torch_1.9.0_cu111
  - pytorch-scatter=2.0.9=py39_torch_1.9.0_cu111
  - pytorch-sparse=0.6.12=py39_torch_1.9.0_cu111
  - pytorch-spline-conv=1.2.1=py39_torch_1.9.0_cu111
  - pytz=2024.1=pyhd8ed1ab_0
  - pyyaml=6.0.2=py39h9399b63_2
  - qhull=2020.2=h434a139_5
  - rdflib=7.1.4=pyh29332c3_0
  - re2=2025.11.05=h5301d42_0
  - readline=8.3=h853b02a_0
  - requests=2.32.5=pyhd8ed1ab_0
  - ruamel.yaml=0.18.15=py39hd399759_0
  - ruamel.yaml.clib=0.2.8=py39h8cd3c5a_1
  - scikit-learn=1.6.1=py39h4b7350c_0
  - scipy=1.9.3=py39hddc5342_2
  - setuptools=59.5.0=py39hf3d152e_0
  - six=1.17.0=pyhe01879c_1
  - spglib=2.6.0=py39hec5afdf_0
  - sympy=1.14.0=pyh2585a3b_105
  - tabulate=0.9.0=pyhd8ed1ab_2
  - tbb=2021.13.0=hb700be7_6
  - tensorboard=2.20.0=pyhe01879c_1
  - tensorboard-data-server=0.7.0=py39h7170ec2_2
  - threadpoolctl=3.6.0=pyhecae5ae_0
  - tk=8.6.13=noxft_hd70dff1_3
  - tqdm=4.67.1=pyhd8ed1ab_1
  - typing-extensions=4.14.1=h4440ef1_0
  - typing_extensions=4.14.1=pyhe01879c_0
  - tzdata=2026c=h151e31d_0
  - uncertainties=3.2.3=pyhd8ed1ab_0
  - unicodedata2=16.0.0=py39h8cd3c5a_0
  - urllib3=2.5.0=pyhd8ed1ab_0
  - werkzeug=3.1.3=pyhd8ed1ab_1
  - wheel=0.45.1=pyhd8ed1ab_1
  - xorg-libxau=1.0.12=hb03c661_2
  - xorg-libxdmcp=1.1.5=hb03c661_2
  - yaml=0.2.5=h280c20c_3
  - zipp=3.23.0=pyhd8ed1ab_0
  - zstandard=0.23.0=py39hd399759_3
  - zstd=1.5.7=hb78ec9c_6
  - pip:
      - deeph==0.2.2
      - e3nn==0.3.5
      - opt-einsum==3.4.0
      - opt-einsum-fx==0.1.4
prefix: /home/evan-williams/deeph-m9/env/deeph-v022
